
Microsoft Visual Studio Solution File, Format Version 12.00
# Visual Studio Version 17
VisualStudioVersion = 17.9.34728.123
MinimumVisualStudioVersion = 10.0.40219.1
Project("{FAE04EC0-301F-11D3-BF4B-00C04F79EFBC}") = "Download manager", "Download manager\Download manager.csproj", "{A0187D8B-6AB5-47AA-991D-6E2A7410D0EB}"
EndProject
Global
	GlobalSection(SolutionConfigurationPlatforms) = preSolution
		Debug|Any CPU = Debug|Any CPU
		Release|Any CPU = Release|Any CPU
	EndGlobalSection
	GlobalSection(ProjectConfigurationPlatforms) = postSolution
		{A0187D8B-6AB5-47AA-991D-6E2A7410D0EB}.Debug|Any CPU.ActiveCfg = Debug|Any CPU
		{A0187D8B-6AB5-47AA-991D-6E2A7410D0EB}.Debug|Any CPU.Build.0 = Debug|Any CPU
		{A0187D8B-6AB5-47AA-991D-6E2A7410D0EB}.Release|Any CPU.ActiveCfg = Release|Any CPU
		{A0187D8B-6AB5-47AA-991D-6E2A7410D0EB}.Release|Any CPU.Build.0 = Release|Any CPU
	EndGlobalSection
	GlobalSection(SolutionProperties) = preSolution
		HideSolutionNode = FALSE
	EndGlobalSection
	GlobalSection(ExtensibilityGlobals) = postSolution
		SolutionGuid = {15489ECB-55C2-4DC4-9CBF-361902738414}
	EndGlobalSection
EndGlobal
