
Microsoft Visual Studio Solution File, Format Version 12.00
# Visual Studio Version 17
VisualStudioVersion = 17.9.34728.123
MinimumVisualStudioVersion = 10.0.40219.1
Project("{FAE04EC0-301F-11D3-BF4B-00C04F79EFBC}") = "Work with json file", "Work with json file\Work with json file.csproj", "{09CFC731-7CC7-4FB1-9E74-7B086CF36CBE}"
EndProject
Global
	GlobalSection(SolutionConfigurationPlatforms) = preSolution
		Debug|Any CPU = Debug|Any CPU
		Release|Any CPU = Release|Any CPU
	EndGlobalSection
	GlobalSection(ProjectConfigurationPlatforms) = postSolution
		{09CFC731-7CC7-4FB1-9E74-7B086CF36CBE}.Debug|Any CPU.ActiveCfg = Debug|Any CPU
		{09CFC731-7CC7-4FB1-9E74-7B086CF36CBE}.Debug|Any CPU.Build.0 = Debug|Any CPU
		{09CFC731-7CC7-4FB1-9E74-7B086CF36CBE}.Release|Any CPU.ActiveCfg = Release|Any CPU
		{09CFC731-7CC7-4FB1-9E74-7B086CF36CBE}.Release|Any CPU.Build.0 = Release|Any CPU
	EndGlobalSection
	GlobalSection(SolutionProperties) = preSolution
		HideSolutionNode = FALSE
	EndGlobalSection
	GlobalSection(ExtensibilityGlobals) = postSolution
		SolutionGuid = {32FCBCA3-A1B5-4856-9417-81A58F45060D}
	EndGlobalSection
EndGlobal
